# generated by rye
# use `rye lock` or `rye sync` to update this lockfile
#
# last locked with the following flags:
#   pre: false
#   features: []
#   all-features: false
#   with-sources: false

-e file:.
astroid==3.1.0
    # via pylint
attrs==23.2.0
    # via jsonschema
    # via referencing
black==24.4.2
click==8.1.7
    # via black
    # via typer
dill==0.3.8
    # via pylint
isort==5.13.2
    # via pylint
jsonpickle==3.0.4
    # via play-watch-read-backlog-manager
jsonschema==4.21.1
    # via play-watch-read-backlog-manager
jsonschema-specifications==2023.12.1
    # via jsonschema
markdown-it-py==3.0.0
    # via rich
mccabe==0.7.0
    # via pylint
mdurl==0.1.2
    # via markdown-it-py
mypy==1.10.0
mypy-extensions==1.0.0
    # via black
    # via mypy
packaging==24.0
    # via black
pathspec==0.12.1
    # via black
platformdirs==4.2.1
    # via black
    # via pylint
pygments==2.17.2
    # via rich
pylint==3.1.0
pyyaml==6.0.1
    # via play-watch-read-backlog-manager
referencing==0.35.0
    # via jsonschema
    # via jsonschema-specifications
    # via types-jsonschema
rich==13.7.1
    # via typer
rpds-py==0.18.0
    # via jsonschema
    # via referencing
ruff==0.4.2
shellingham==1.5.4
    # via typer
tomli==2.0.1
    # via black
    # via mypy
    # via pylint
tomlkit==0.12.4
    # via pylint
typer==0.12.3
    # via play-watch-read-backlog-manager
types-jsonschema==4.21.0.20240331
types-pyyaml==6.0.12.20240311
typing-extensions==4.11.0
    # via astroid
    # via black
    # via mypy
    # via typer
